
Microsoft Visual Studio Solution File, Format Version 12.00
# Visual Studio 15
VisualStudioVersion = 15.0.28307.329
MinimumVisualStudioVersion = 10.0.40219.1
Project("{9A19103F-16F7-4668-BE54-9A1E7A4F7556}") = "DatingApp.API", "DatingApp.API.csproj", "{AB1F479F-3B93-40AD-BD5E-F52FC1A004E5}"
EndProject
Global
	GlobalSection(SolutionConfigurationPlatforms) = preSolution
		Debug|Any CPU = Debug|Any CPU
		Release|Any CPU = Release|Any CPU
	EndGlobalSection
	GlobalSection(ProjectConfigurationPlatforms) = postSolution
		{AB1F479F-3B93-40AD-BD5E-F52FC1A004E5}.Debug|Any CPU.ActiveCfg = Debug|Any CPU
		{AB1F479F-3B93-40AD-BD5E-F52FC1A004E5}.Debug|Any CPU.Build.0 = Debug|Any CPU
		{AB1F479F-3B93-40AD-BD5E-F52FC1A004E5}.Release|Any CPU.ActiveCfg = Release|Any CPU
		{AB1F479F-3B93-40AD-BD5E-F52FC1A004E5}.Release|Any CPU.Build.0 = Release|Any CPU
	EndGlobalSection
	GlobalSection(SolutionProperties) = preSolution
		HideSolutionNode = FALSE
	EndGlobalSection
	GlobalSection(ExtensibilityGlobals) = postSolution
		SolutionGuid = {63550EA2-FE60-475A-99FF-179735F0FD61}
	EndGlobalSection
EndGlobal
